
Microsoft Visual Studio Solution File, Format Version 12.00
# Visual Studio Version 16
VisualStudioVersion = 16.0.29519.87
MinimumVisualStudioVersion = 10.0.40219.1
Project("{FAE04EC0-301F-11D3-BF4B-00C04F79EFBC}") = "DotNet-WebApiFramework", "DotNet-WebApiFramework\DotNet-WebApiFramework.csproj", "{4ED61170-2B14-478E-8EE9-7169E3A4F85E}"
EndProject
Global
	GlobalSection(SolutionConfigurationPlatforms) = preSolution
		Debug|Any CPU = Debug|Any CPU
		Release|Any CPU = Release|Any CPU
	EndGlobalSection
	GlobalSection(ProjectConfigurationPlatforms) = postSolution
		{4ED61170-2B14-478E-8EE9-7169E3A4F85E}.Debug|Any CPU.ActiveCfg = Debug|Any CPU
		{4ED61170-2B14-478E-8EE9-7169E3A4F85E}.Debug|Any CPU.Build.0 = Debug|Any CPU
		{4ED61170-2B14-478E-8EE9-7169E3A4F85E}.Release|Any CPU.ActiveCfg = Release|Any CPU
		{4ED61170-2B14-478E-8EE9-7169E3A4F85E}.Release|Any CPU.Build.0 = Release|Any CPU
	EndGlobalSection
	GlobalSection(SolutionProperties) = preSolution
		HideSolutionNode = FALSE
	EndGlobalSection
	GlobalSection(ExtensibilityGlobals) = postSolution
		SolutionGuid = {AC9ED0F7-561A-4C0A-B914-BD5B898D172F}
	EndGlobalSection
EndGlobal
